
Microsoft Visual Studio Solution File, Format Version 12.00
# Visual Studio Version 16
VisualStudioVersion = 16.0.31129.286
MinimumVisualStudioVersion = 10.0.40219.1
Project("{9A19103F-16F7-4668-BE54-9A1E7A4F7556}") = "Homework.CSharpOop.Class05.Task0", "Homework.CSharpOop.Class05.Task0\Homework.CSharpOop.Class05.Task0.csproj", "{9E26076E-BD7B-462C-82DB-AA85D76D7F15}"
EndProject
Project("{9A19103F-16F7-4668-BE54-9A1E7A4F7556}") = "Homework.CSharpOop.Class05.Task01", "Homework.CSharpOop.Class05.Task01\Homework.CSharpOop.Class05.Task01.csproj", "{E9157D3A-76A1-401F-A815-93C39FB42F4E}"
EndProject
Project("{9A19103F-16F7-4668-BE54-9A1E7A4F7556}") = "Homework.CSharpOop.Class05.Task02", "Homework.CSharpOop.Class05.Task02\Homework.CSharpOop.Class05.Task02.csproj", "{6AFBB781-5197-41B9-949A-F66B6EE3ABC8}"
EndProject
Project("{9A19103F-16F7-4668-BE54-9A1E7A4F7556}") = "Homework.CSharpOop.Class05.Task03", "Homework.CSharpOop.Class05.Task03\Homework.CSharpOop.Class05.Task03.csproj", "{C49A3346-F6DC-45BF-9089-90F1FE10C487}"
EndProject
Project("{FAE04EC0-301F-11D3-BF4B-00C04F79EFBC}") = "Homework.CSharpOop.Class05.Task04", "Homework.CSharpOop.Class05.Task04\Homework.CSharpOop.Class05.Task04.csproj", "{B1EBC8BB-EA31-40F7-BD89-F0BCCEC5BA2D}"
EndProject
Project("{FAE04EC0-301F-11D3-BF4B-00C04F79EFBC}") = "Homework.CSharpOop.Class05.Task05", "Homework.CSharpOop.Class05.Task05\Homework.CSharpOop.Class05.Task05.csproj", "{DC8B9C26-F1E3-429C-BD74-D64BF5BCC288}"
EndProject
Project("{FAE04EC0-301F-11D3-BF4B-00C04F79EFBC}") = "Homework.CSharpOop.Class05.Task06", "Homework.CSharpOop.Class05.Task06\Homework.CSharpOop.Class05.Task06.csproj", "{409AE3CB-A52A-45C5-BBE7-2A0F1187EBEF}"
EndProject
Project("{FAE04EC0-301F-11D3-BF4B-00C04F79EFBC}") = "Homework.CSharpOop.Class05.Task07", "Homework.CSharpOop.Class05.Task07\Homework.CSharpOop.Class05.Task07.csproj", "{49DB5486-A016-44FC-B569-D8655C5BE7EC}"
EndProject
Project("{FAE04EC0-301F-11D3-BF4B-00C04F79EFBC}") = "Homework.CSharpOop.Class05.Task08", "Homework.CSharpOop.Class05.Task08\Homework.CSharpOop.Class05.Task08.csproj", "{B1984599-6839-4E1B-BF6D-BE92EE296F1F}"
EndProject
Project("{FAE04EC0-301F-11D3-BF4B-00C04F79EFBC}") = "Homework.CSharpOop.Class05.Task09", "Homework.CSharpOop.Class05.Task09\Homework.CSharpOop.Class05.Task09.csproj", "{FBC39F54-1D57-46E3-8661-E161BE55937D}"
EndProject
Project("{FAE04EC0-301F-11D3-BF4B-00C04F79EFBC}") = "Homework.CSharpOop.Class05.Task10", "Homework.CSharpOop.Class05.Task10\Homework.CSharpOop.Class05.Task10.csproj", "{B6553820-5A92-418A-8A8C-20EA7941189D}"
EndProject
Project("{FAE04EC0-301F-11D3-BF4B-00C04F79EFBC}") = "Homework.CSharpOop.Class05.Task11", "Homework.CSharpOop.Class05.Task11\Homework.CSharpOop.Class05.Task11.csproj", "{4C0E21AD-E3B7-4646-9240-2D4B36DC1C2E}"
EndProject
Project("{FAE04EC0-301F-11D3-BF4B-00C04F79EFBC}") = "Homework.CSharpOop.Class05.Task12", "Homework.CSharpOop.Class05.Task12\Homework.CSharpOop.Class05.Task12.csproj", "{3806D54B-1BE1-47C5-A3AA-3157053D4D22}"
EndProject
Project("{FAE04EC0-301F-11D3-BF4B-00C04F79EFBC}") = "Homework.CSharpOop.Class05.Bonus", "Homework.CSharpOop.Class05.Bonus\Homework.CSharpOop.Class05.Bonus.csproj", "{CF5299E8-05AA-4B0C-92BA-EA085D32CB38}"
EndProject
Global
	GlobalSection(SolutionConfigurationPlatforms) = preSolution
		Debug|Any CPU = Debug|Any CPU
		Release|Any CPU = Release|Any CPU
	EndGlobalSection
	GlobalSection(ProjectConfigurationPlatforms) = postSolution
		{9E26076E-BD7B-462C-82DB-AA85D76D7F15}.Debug|Any CPU.ActiveCfg = Debug|Any CPU
		{9E26076E-BD7B-462C-82DB-AA85D76D7F15}.Debug|Any CPU.Build.0 = Debug|Any CPU
		{9E26076E-BD7B-462C-82DB-AA85D76D7F15}.Release|Any CPU.ActiveCfg = Release|Any CPU
		{9E26076E-BD7B-462C-82DB-AA85D76D7F15}.Release|Any CPU.Build.0 = Release|Any CPU
		{E9157D3A-76A1-401F-A815-93C39FB42F4E}.Debug|Any CPU.ActiveCfg = Debug|Any CPU
		{E9157D3A-76A1-401F-A815-93C39FB42F4E}.Debug|Any CPU.Build.0 = Debug|Any CPU
		{E9157D3A-76A1-401F-A815-93C39FB42F4E}.Release|Any CPU.ActiveCfg = Release|Any CPU
		{E9157D3A-76A1-401F-A815-93C39FB42F4E}.Release|Any CPU.Build.0 = Release|Any CPU
		{6AFBB781-5197-41B9-949A-F66B6EE3ABC8}.Debug|Any CPU.ActiveCfg = Debug|Any CPU
		{6AFBB781-5197-41B9-949A-F66B6EE3ABC8}.Debug|Any CPU.Build.0 = Debug|Any CPU
		{6AFBB781-5197-41B9-949A-F66B6EE3ABC8}.Release|Any CPU.ActiveCfg = Release|Any CPU
		{6AFBB781-5197-41B9-949A-F66B6EE3ABC8}.Release|Any CPU.Build.0 = Release|Any CPU
		{C49A3346-F6DC-45BF-9089-90F1FE10C487}.Debug|Any CPU.ActiveCfg = Debug|Any CPU
		{C49A3346-F6DC-45BF-9089-90F1FE10C487}.Debug|Any CPU.Build.0 = Debug|Any CPU
		{C49A3346-F6DC-45BF-9089-90F1FE10C487}.Release|Any CPU.ActiveCfg = Release|Any CPU
		{C49A3346-F6DC-45BF-9089-90F1FE10C487}.Release|Any CPU.Build.0 = Release|Any CPU
		{B1EBC8BB-EA31-40F7-BD89-F0BCCEC5BA2D}.Debug|Any CPU.ActiveCfg = Debug|Any CPU
		{B1EBC8BB-EA31-40F7-BD89-F0BCCEC5BA2D}.Debug|Any CPU.Build.0 = Debug|Any CPU
		{B1EBC8BB-EA31-40F7-BD89-F0BCCEC5BA2D}.Release|Any CPU.ActiveCfg = Release|Any CPU
		{B1EBC8BB-EA31-40F7-BD89-F0BCCEC5BA2D}.Release|Any CPU.Build.0 = Release|Any CPU
		{DC8B9C26-F1E3-429C-BD74-D64BF5BCC288}.Debug|Any CPU.ActiveCfg = Debug|Any CPU
		{DC8B9C26-F1E3-429C-BD74-D64BF5BCC288}.Debug|Any CPU.Build.0 = Debug|Any CPU
		{DC8B9C26-F1E3-429C-BD74-D64BF5BCC288}.Release|Any CPU.ActiveCfg = Release|Any CPU
		{DC8B9C26-F1E3-429C-BD74-D64BF5BCC288}.Release|Any CPU.Build.0 = Release|Any CPU
		{409AE3CB-A52A-45C5-BBE7-2A0F1187EBEF}.Debug|Any CPU.ActiveCfg = Debug|Any CPU
		{409AE3CB-A52A-45C5-BBE7-2A0F1187EBEF}.Debug|Any CPU.Build.0 = Debug|Any CPU
		{409AE3CB-A52A-45C5-BBE7-2A0F1187EBEF}.Release|Any CPU.ActiveCfg = Release|Any CPU
		{409AE3CB-A52A-45C5-BBE7-2A0F1187EBEF}.Release|Any CPU.Build.0 = Release|Any CPU
		{49DB5486-A016-44FC-B569-D8655C5BE7EC}.Debug|Any CPU.ActiveCfg = Debug|Any CPU
		{49DB5486-A016-44FC-B569-D8655C5BE7EC}.Debug|Any CPU.Build.0 = Debug|Any CPU
		{49DB5486-A016-44FC-B569-D8655C5BE7EC}.Release|Any CPU.ActiveCfg = Release|Any CPU
		{49DB5486-A016-44FC-B569-D8655C5BE7EC}.Release|Any CPU.Build.0 = Release|Any CPU
		{B1984599-6839-4E1B-BF6D-BE92EE296F1F}.Debug|Any CPU.ActiveCfg = Debug|Any CPU
		{B1984599-6839-4E1B-BF6D-BE92EE296F1F}.Debug|Any CPU.Build.0 = Debug|Any CPU
		{B1984599-6839-4E1B-BF6D-BE92EE296F1F}.Release|Any CPU.ActiveCfg = Release|Any CPU
		{B1984599-6839-4E1B-BF6D-BE92EE296F1F}.Release|Any CPU.Build.0 = Release|Any CPU
		{FBC39F54-1D57-46E3-8661-E161BE55937D}.Debug|Any CPU.ActiveCfg = Debug|Any CPU
		{FBC39F54-1D57-46E3-8661-E161BE55937D}.Debug|Any CPU.Build.0 = Debug|Any CPU
		{FBC39F54-1D57-46E3-8661-E161BE55937D}.Release|Any CPU.ActiveCfg = Release|Any CPU
		{FBC39F54-1D57-46E3-8661-E161BE55937D}.Release|Any CPU.Build.0 = Release|Any CPU
		{B6553820-5A92-418A-8A8C-20EA7941189D}.Debug|Any CPU.ActiveCfg = Debug|Any CPU
		{B6553820-5A92-418A-8A8C-20EA7941189D}.Debug|Any CPU.Build.0 = Debug|Any CPU
		{B6553820-5A92-418A-8A8C-20EA7941189D}.Release|Any CPU.ActiveCfg = Release|Any CPU
		{B6553820-5A92-418A-8A8C-20EA7941189D}.Release|Any CPU.Build.0 = Release|Any CPU
		{4C0E21AD-E3B7-4646-9240-2D4B36DC1C2E}.Debug|Any CPU.ActiveCfg = Debug|Any CPU
		{4C0E21AD-E3B7-4646-9240-2D4B36DC1C2E}.Debug|Any CPU.Build.0 = Debug|Any CPU
		{4C0E21AD-E3B7-4646-9240-2D4B36DC1C2E}.Release|Any CPU.ActiveCfg = Release|Any CPU
		{4C0E21AD-E3B7-4646-9240-2D4B36DC1C2E}.Release|Any CPU.Build.0 = Release|Any CPU
		{3806D54B-1BE1-47C5-A3AA-3157053D4D22}.Debug|Any CPU.ActiveCfg = Debug|Any CPU
		{3806D54B-1BE1-47C5-A3AA-3157053D4D22}.Debug|Any CPU.Build.0 = Debug|Any CPU
		{3806D54B-1BE1-47C5-A3AA-3157053D4D22}.Release|Any CPU.ActiveCfg = Release|Any CPU
		{3806D54B-1BE1-47C5-A3AA-3157053D4D22}.Release|Any CPU.Build.0 = Release|Any CPU
		{CF5299E8-05AA-4B0C-92BA-EA085D32CB38}.Debug|Any CPU.ActiveCfg = Debug|Any CPU
		{CF5299E8-05AA-4B0C-92BA-EA085D32CB38}.Debug|Any CPU.Build.0 = Debug|Any CPU
		{CF5299E8-05AA-4B0C-92BA-EA085D32CB38}.Release|Any CPU.ActiveCfg = Release|Any CPU
		{CF5299E8-05AA-4B0C-92BA-EA085D32CB38}.Release|Any CPU.Build.0 = Release|Any CPU
	EndGlobalSection
	GlobalSection(SolutionProperties) = preSolution
		HideSolutionNode = FALSE
	EndGlobalSection
	GlobalSection(ExtensibilityGlobals) = postSolution
		SolutionGuid = {8F4603F6-132C-4339-9C6E-C691734C7648}
	EndGlobalSection
EndGlobal
