
Microsoft Visual Studio Solution File, Format Version 12.00
# Visual Studio Version 16
VisualStudioVersion = 16.0.31129.286
MinimumVisualStudioVersion = 10.0.40219.1
Project("{FAE04EC0-301F-11D3-BF4B-00C04F79EFBC}") = "Homework.CSharpOop.Class02.Task01.RealCalculator", "Homework.CSharpOop.Class02.Task01.RealCalculator\Homework.CSharpOop.Class02.Task01.RealCalculator.csproj", "{0F411198-2A83-4A71-8357-6AE7ADC81944}"
EndProject
Project("{FAE04EC0-301F-11D3-BF4B-00C04F79EFBC}") = "Homework.CSharpOop.Class02.AverageNumber", "Homework.CSharpOop.Class02.AverageNumber\Homework.CSharpOop.Class02.AverageNumber.csproj", "{2086CD15-B717-49B2-820A-163F3BE17F8F}"
EndProject
Global
	GlobalSection(SolutionConfigurationPlatforms) = preSolution
		Debug|Any CPU = Debug|Any CPU
		Release|Any CPU = Release|Any CPU
	EndGlobalSection
	GlobalSection(ProjectConfigurationPlatforms) = postSolution
		{0F411198-2A83-4A71-8357-6AE7ADC81944}.Debug|Any CPU.ActiveCfg = Debug|Any CPU
		{0F411198-2A83-4A71-8357-6AE7ADC81944}.Debug|Any CPU.Build.0 = Debug|Any CPU
		{0F411198-2A83-4A71-8357-6AE7ADC81944}.Release|Any CPU.ActiveCfg = Release|Any CPU
		{0F411198-2A83-4A71-8357-6AE7ADC81944}.Release|Any CPU.Build.0 = Release|Any CPU
		{2086CD15-B717-49B2-820A-163F3BE17F8F}.Debug|Any CPU.ActiveCfg = Debug|Any CPU
		{2086CD15-B717-49B2-820A-163F3BE17F8F}.Debug|Any CPU.Build.0 = Debug|Any CPU
		{2086CD15-B717-49B2-820A-163F3BE17F8F}.Release|Any CPU.ActiveCfg = Release|Any CPU
		{2086CD15-B717-49B2-820A-163F3BE17F8F}.Release|Any CPU.Build.0 = Release|Any CPU
	EndGlobalSection
	GlobalSection(SolutionProperties) = preSolution
		HideSolutionNode = FALSE
	EndGlobalSection
	GlobalSection(ExtensibilityGlobals) = postSolution
		SolutionGuid = {309C7D51-DA93-49C9-85D7-57437622045E}
	EndGlobalSection
EndGlobal
